{
  "originHash" : "d57572d35980c07a3145d194f27bb621b30c35b45c6fc28bb8e47bce0c52eedd",
  "pins" : [
    {
      "identity" : "did-client-sdk-ios",
      "kind" : "remoteSourceControl",
      "location" : "https://github.com/OmniOneID/did-client-sdk-ios",
      "state" : {
        "branch" : "jhpark/feature/oid4vc",
        "revision" : "c8fda55aba5b2f1cec586f285fc8efb600631ac4"
      }
    },
    {
      "identity" : "swift-collections",
      "kind" : "remoteSourceControl",
      "location" : "https://github.com/apple/swift-collections.git",
      "state" : {
        "revision" : "a0cb0954ecb21e4e31b0070e6ed5674e8556685a",
        "version" : "1.6.0"
      }
    }
  ],
  "version" : 3
}
