{
  "originHash" : "5d48c0719e880513481e251bdde427d70206f6911d589d1d449af0cc1a9b9be2",
  "pins" : [
    {
      "identity" : "did-client-sdk-ios",
      "kind" : "remoteSourceControl",
      "location" : "https://github.com/OmniOneID/did-client-sdk-ios",
      "state" : {
        "branch" : "jhpark/feature/oid4vc",
        "revision" : "ae262242ddf4c2014f165d98f8a968a0e2d00aa8"
      }
    },
    {
      "identity" : "swift-collections",
      "kind" : "remoteSourceControl",
      "location" : "https://github.com/apple/swift-collections.git",
      "state" : {
        "revision" : "671108c96644956dddcd89dd59c203dcdb36cec7",
        "version" : "1.1.4"
      }
    }
  ],
  "version" : 3
}
